
Microsoft Visual Studio Solution File, Format Version 12.00
# Visual Studio Version 16
VisualStudioVersion = 16.0.31321.278
MinimumVisualStudioVersion = 10.0.40219.1
Project("{FAE04EC0-301F-11D3-BF4B-00C04F79EFBC}") = "SystemAudioDemo", "SystemAudioDemo\SystemAudioDemo.csproj", "{0B6A614E-AB97-4FB9-B229-684515B468F0}"
EndProject
Global
	GlobalSection(SolutionConfigurationPlatforms) = preSolution
		Debug|Any CPU = Debug|Any CPU
		Release|Any CPU = Release|Any CPU
	EndGlobalSection
	GlobalSection(ProjectConfigurationPlatforms) = postSolution
		{0B6A614E-AB97-4FB9-B229-684515B468F0}.Debug|Any CPU.ActiveCfg = Debug|Any CPU
		{0B6A614E-AB97-4FB9-B229-684515B468F0}.Debug|Any CPU.Build.0 = Debug|Any CPU
		{0B6A614E-AB97-4FB9-B229-684515B468F0}.Release|Any CPU.ActiveCfg = Release|Any CPU
		{0B6A614E-AB97-4FB9-B229-684515B468F0}.Release|Any CPU.Build.0 = Release|Any CPU
	EndGlobalSection
	GlobalSection(SolutionProperties) = preSolution
		HideSolutionNode = FALSE
	EndGlobalSection
	GlobalSection(ExtensibilityGlobals) = postSolution
		SolutionGuid = {FCF16039-E527-42BC-9B92-88B56B8878A6}
	EndGlobalSection
EndGlobal
